
Microsoft Visual Studio Solution File, Format Version 12.00
# Visual Studio 14
VisualStudioVersion = 14.0.23107.0
MinimumVisualStudioVersion = 10.0.40219.1
Project("{8BC9CEB8-8B4A-11D0-8D11-00A0C91BC942}") = "OpenMPSimpleTutorials", "OpenMPSimpleTutorials.vcxproj", "{03303A41-F313-4B20-8510-BF7AEDC92345}"
EndProject
Project("{8BC9CEB8-8B4A-11D0-8D11-00A0C91BC942}") = "SimpleTest01", "SimpleTest01\SimpleTest01.vcxproj", "{464D4DBB-6DA5-4EEB-B979-9FDD4D746660}"
EndProject
Project("{8BC9CEB8-8B4A-11D0-8D11-00A0C91BC942}") = "SimpleTest02", "SimpleTest02\SimpleTest02.vcxproj", "{B1A9E717-C35B-48CC-92FE-4460676B53D9}"
EndProject
Project("{8BC9CEB8-8B4A-11D0-8D11-00A0C91BC942}") = "SimpleTest03", "SimpleTest03\SimpleTest03.vcxproj", "{79FF4823-8ED6-4061-AE0E-BBA2293AFA0F}"
EndProject
Project("{8BC9CEB8-8B4A-11D0-8D11-00A0C91BC942}") = "SimpleTest04", "SimpleTest04\SimpleTest04.vcxproj", "{F38A3302-C321-4318-BECD-11C75235E237}"
EndProject
Global
	GlobalSection(SolutionConfigurationPlatforms) = preSolution
		Debug|x64 = Debug|x64
		Debug|x86 = Debug|x86
		Release|x64 = Release|x64
		Release|x86 = Release|x86
	EndGlobalSection
	GlobalSection(ProjectConfigurationPlatforms) = postSolution
		{03303A41-F313-4B20-8510-BF7AEDC92345}.Debug|x64.ActiveCfg = Debug|x64
		{03303A41-F313-4B20-8510-BF7AEDC92345}.Debug|x64.Build.0 = Debug|x64
		{03303A41-F313-4B20-8510-BF7AEDC92345}.Debug|x86.ActiveCfg = Debug|Win32
		{03303A41-F313-4B20-8510-BF7AEDC92345}.Debug|x86.Build.0 = Debug|Win32
		{03303A41-F313-4B20-8510-BF7AEDC92345}.Release|x64.ActiveCfg = Release|x64
		{03303A41-F313-4B20-8510-BF7AEDC92345}.Release|x64.Build.0 = Release|x64
		{03303A41-F313-4B20-8510-BF7AEDC92345}.Release|x86.ActiveCfg = Release|Win32
		{03303A41-F313-4B20-8510-BF7AEDC92345}.Release|x86.Build.0 = Release|Win32
		{464D4DBB-6DA5-4EEB-B979-9FDD4D746660}.Debug|x64.ActiveCfg = Debug|x64
		{464D4DBB-6DA5-4EEB-B979-9FDD4D746660}.Debug|x64.Build.0 = Debug|x64
		{464D4DBB-6DA5-4EEB-B979-9FDD4D746660}.Debug|x86.ActiveCfg = Debug|Win32
		{464D4DBB-6DA5-4EEB-B979-9FDD4D746660}.Debug|x86.Build.0 = Debug|Win32
		{464D4DBB-6DA5-4EEB-B979-9FDD4D746660}.Release|x64.ActiveCfg = Release|x64
		{464D4DBB-6DA5-4EEB-B979-9FDD4D746660}.Release|x64.Build.0 = Release|x64
		{464D4DBB-6DA5-4EEB-B979-9FDD4D746660}.Release|x86.ActiveCfg = Release|Win32
		{464D4DBB-6DA5-4EEB-B979-9FDD4D746660}.Release|x86.Build.0 = Release|Win32
		{B1A9E717-C35B-48CC-92FE-4460676B53D9}.Debug|x64.ActiveCfg = Debug|x64
		{B1A9E717-C35B-48CC-92FE-4460676B53D9}.Debug|x64.Build.0 = Debug|x64
		{B1A9E717-C35B-48CC-92FE-4460676B53D9}.Debug|x86.ActiveCfg = Debug|Win32
		{B1A9E717-C35B-48CC-92FE-4460676B53D9}.Debug|x86.Build.0 = Debug|Win32
		{B1A9E717-C35B-48CC-92FE-4460676B53D9}.Release|x64.ActiveCfg = Release|x64
		{B1A9E717-C35B-48CC-92FE-4460676B53D9}.Release|x64.Build.0 = Release|x64
		{B1A9E717-C35B-48CC-92FE-4460676B53D9}.Release|x86.ActiveCfg = Release|Win32
		{B1A9E717-C35B-48CC-92FE-4460676B53D9}.Release|x86.Build.0 = Release|Win32
		{79FF4823-8ED6-4061-AE0E-BBA2293AFA0F}.Debug|x64.ActiveCfg = Debug|x64
		{79FF4823-8ED6-4061-AE0E-BBA2293AFA0F}.Debug|x64.Build.0 = Debug|x64
		{79FF4823-8ED6-4061-AE0E-BBA2293AFA0F}.Debug|x86.ActiveCfg = Debug|Win32
		{79FF4823-8ED6-4061-AE0E-BBA2293AFA0F}.Debug|x86.Build.0 = Debug|Win32
		{79FF4823-8ED6-4061-AE0E-BBA2293AFA0F}.Release|x64.ActiveCfg = Release|x64
		{79FF4823-8ED6-4061-AE0E-BBA2293AFA0F}.Release|x64.Build.0 = Release|x64
		{79FF4823-8ED6-4061-AE0E-BBA2293AFA0F}.Release|x86.ActiveCfg = Release|Win32
		{79FF4823-8ED6-4061-AE0E-BBA2293AFA0F}.Release|x86.Build.0 = Release|Win32
		{F38A3302-C321-4318-BECD-11C75235E237}.Debug|x64.ActiveCfg = Debug|x64
		{F38A3302-C321-4318-BECD-11C75235E237}.Debug|x64.Build.0 = Debug|x64
		{F38A3302-C321-4318-BECD-11C75235E237}.Debug|x86.ActiveCfg = Debug|Win32
		{F38A3302-C321-4318-BECD-11C75235E237}.Debug|x86.Build.0 = Debug|Win32
		{F38A3302-C321-4318-BECD-11C75235E237}.Release|x64.ActiveCfg = Release|x64
		{F38A3302-C321-4318-BECD-11C75235E237}.Release|x64.Build.0 = Release|x64
		{F38A3302-C321-4318-BECD-11C75235E237}.Release|x86.ActiveCfg = Release|Win32
		{F38A3302-C321-4318-BECD-11C75235E237}.Release|x86.Build.0 = Release|Win32
	EndGlobalSection
	GlobalSection(SolutionProperties) = preSolution
		HideSolutionNode = FALSE
	EndGlobalSection
EndGlobal
